
Microsoft Visual Studio Solution File, Format Version 12.00
# Visual Studio 15
VisualStudioVersion = 15.0.28010.2050
MinimumVisualStudioVersion = 10.0.40219.1
Project("{FAE04EC0-301F-11D3-BF4B-00C04F79EFBC}") = "WebApplication2", "WebApplication2\WebApplication2.csproj", "{7EC1F1B0-14F5-4A30-9EBE-BC7D43D09A2C}"
EndProject
Global
	GlobalSection(SolutionConfigurationPlatforms) = preSolution
		Debug|Any CPU = Debug|Any CPU
		Release|Any CPU = Release|Any CPU
	EndGlobalSection
	GlobalSection(ProjectConfigurationPlatforms) = postSolution
		{7EC1F1B0-14F5-4A30-9EBE-BC7D43D09A2C}.Debug|Any CPU.ActiveCfg = Debug|Any CPU
		{7EC1F1B0-14F5-4A30-9EBE-BC7D43D09A2C}.Debug|Any CPU.Build.0 = Debug|Any CPU
		{7EC1F1B0-14F5-4A30-9EBE-BC7D43D09A2C}.Release|Any CPU.ActiveCfg = Release|Any CPU
		{7EC1F1B0-14F5-4A30-9EBE-BC7D43D09A2C}.Release|Any CPU.Build.0 = Release|Any CPU
	EndGlobalSection
	GlobalSection(SolutionProperties) = preSolution
		HideSolutionNode = FALSE
	EndGlobalSection
	GlobalSection(ExtensibilityGlobals) = postSolution
		SolutionGuid = {86E440F1-1E27-45EE-920F-74AAF99F8FD3}
	EndGlobalSection
EndGlobal
